
Microsoft Visual Studio Solution File, Format Version 12.00
# Visual Studio Version 17
VisualStudioVersion = 17.0.32112.339
MinimumVisualStudioVersion = 10.0.40219.1
Project("{9A19103F-16F7-4668-BE54-9A1E7A4F7556}") = "BulkyBookWeb", "BulkyBookWeb\BulkyBookWeb.csproj", "{477A63CE-14CA-4F2A-B435-4DCDE6F3B03F}"
EndProject
Project("{FAE04EC0-301F-11D3-BF4B-00C04F79EFBC}") = "BulkyBook.DataAccess", "BulkyBook.DataAccess\BulkyBook.DataAccess.csproj", "{41D86BDC-CF60-4564-BBA4-DF8D928B3E36}"
EndProject
Project("{FAE04EC0-301F-11D3-BF4B-00C04F79EFBC}") = "BulkyBook.Models", "BulkyBook.Models\BulkyBook.Models.csproj", "{32569F09-C4DC-43DB-AFAD-17B4352E4A89}"
EndProject
Project("{FAE04EC0-301F-11D3-BF4B-00C04F79EFBC}") = "BulkyBook.Utility", "BulkyBook.Utility\BulkyBook.Utility.csproj", "{1A2A6FB8-E75B-42C2-9F96-DCA3E7E66562}"
EndProject
Global
	GlobalSection(SolutionConfigurationPlatforms) = preSolution
		Debug|Any CPU = Debug|Any CPU
		Release|Any CPU = Release|Any CPU
	EndGlobalSection
	GlobalSection(ProjectConfigurationPlatforms) = postSolution
		{477A63CE-14CA-4F2A-B435-4DCDE6F3B03F}.Debug|Any CPU.ActiveCfg = Debug|Any CPU
		{477A63CE-14CA-4F2A-B435-4DCDE6F3B03F}.Debug|Any CPU.Build.0 = Debug|Any CPU
		{477A63CE-14CA-4F2A-B435-4DCDE6F3B03F}.Release|Any CPU.ActiveCfg = Release|Any CPU
		{477A63CE-14CA-4F2A-B435-4DCDE6F3B03F}.Release|Any CPU.Build.0 = Release|Any CPU
		{41D86BDC-CF60-4564-BBA4-DF8D928B3E36}.Debug|Any CPU.ActiveCfg = Debug|Any CPU
		{41D86BDC-CF60-4564-BBA4-DF8D928B3E36}.Debug|Any CPU.Build.0 = Debug|Any CPU
		{41D86BDC-CF60-4564-BBA4-DF8D928B3E36}.Release|Any CPU.ActiveCfg = Release|Any CPU
		{41D86BDC-CF60-4564-BBA4-DF8D928B3E36}.Release|Any CPU.Build.0 = Release|Any CPU
		{32569F09-C4DC-43DB-AFAD-17B4352E4A89}.Debug|Any CPU.ActiveCfg = Debug|Any CPU
		{32569F09-C4DC-43DB-AFAD-17B4352E4A89}.Debug|Any CPU.Build.0 = Debug|Any CPU
		{32569F09-C4DC-43DB-AFAD-17B4352E4A89}.Release|Any CPU.ActiveCfg = Release|Any CPU
		{32569F09-C4DC-43DB-AFAD-17B4352E4A89}.Release|Any CPU.Build.0 = Release|Any CPU
		{1A2A6FB8-E75B-42C2-9F96-DCA3E7E66562}.Debug|Any CPU.ActiveCfg = Debug|Any CPU
		{1A2A6FB8-E75B-42C2-9F96-DCA3E7E66562}.Debug|Any CPU.Build.0 = Debug|Any CPU
		{1A2A6FB8-E75B-42C2-9F96-DCA3E7E66562}.Release|Any CPU.ActiveCfg = Release|Any CPU
		{1A2A6FB8-E75B-42C2-9F96-DCA3E7E66562}.Release|Any CPU.Build.0 = Release|Any CPU
	EndGlobalSection
	GlobalSection(SolutionProperties) = preSolution
		HideSolutionNode = FALSE
	EndGlobalSection
	GlobalSection(ExtensibilityGlobals) = postSolution
		SolutionGuid = {F4F96AC4-4937-4EBA-8346-90ADBBF9C895}
	EndGlobalSection
EndGlobal
